
Microsoft Visual Studio Solution File, Format Version 12.00
# Visual Studio Version 16
VisualStudioVersion = 16.0.31129.286
MinimumVisualStudioVersion = 10.0.40219.1
Project("{FAE04EC0-301F-11D3-BF4B-00C04F79EFBC}") = "WebApplication", "WebApplication\WebApplication.csproj", "{EF1817A1-0023-4883-9F84-7EAB4FF6E54B}"
EndProject
Global
	GlobalSection(SolutionConfigurationPlatforms) = preSolution
		Debug|Any CPU = Debug|Any CPU
		Release|Any CPU = Release|Any CPU
	EndGlobalSection
	GlobalSection(ProjectConfigurationPlatforms) = postSolution
		{EF1817A1-0023-4883-9F84-7EAB4FF6E54B}.Debug|Any CPU.ActiveCfg = Debug|Any CPU
		{EF1817A1-0023-4883-9F84-7EAB4FF6E54B}.Debug|Any CPU.Build.0 = Debug|Any CPU
		{EF1817A1-0023-4883-9F84-7EAB4FF6E54B}.Release|Any CPU.ActiveCfg = Release|Any CPU
		{EF1817A1-0023-4883-9F84-7EAB4FF6E54B}.Release|Any CPU.Build.0 = Release|Any CPU
	EndGlobalSection
	GlobalSection(SolutionProperties) = preSolution
		HideSolutionNode = FALSE
	EndGlobalSection
	GlobalSection(ExtensibilityGlobals) = postSolution
		SolutionGuid = {FB1CC6A7-73C1-4A02-8AA2-7FF38E4DCC24}
	EndGlobalSection
EndGlobal
